// !$*UTF8*$!
{
	archiveVersion = 1;
	classes = {
	};
	objectVersion = 46;
	objects = {

/* Begin PBXBuildFile section */
		1996CF4817A4EA930003B6A6 /* CoreLocation.framework in Frameworks */ = {isa = PBXBuildFile; fileRef = 1996CF4717A4EA930003B6A6 /* CoreLocation.framework */; };
		1996CF4B17A4EB090003B6A6 /* UVIndexViewController.m in Sources */ = {isa = PBXBuildFile; fileRef = 1996CF4A17A4EB090003B6A6 /* UVIndexViewController.m */; };
		26430D4617A53FD600524631 /* 57.png in Resources */ = {isa = PBXBuildFile; fileRef = 26430D4517A53FD600524631 /* 57.png */; };
		26430D4817A53FDB00524631 /* 114.png in Resources */ = {isa = PBXBuildFile; fileRef = 26430D4717A53FDB00524631 /* 114.png */; };
		26430D4A17A5408700524631 /* Default.png in Resources */ = {isa = PBXBuildFile; fileRef = 26430D4917A5408700524631 /* Default.png */; };
		26430D4C17A5408F00524631 /* Default@2x.png in Resources */ = {isa = PBXBuildFile; fileRef = 26430D4B17A5408F00524631 /* Default@2x.png */; };
		26430D4E17A5409A00524631 /* Default-568h@2x.png in Resources */ = {isa = PBXBuildFile; fileRef = 26430D4D17A5409A00524631 /* Default-568h@2x.png */; };
		2681C57617A4970E008B68F3 /* backto.png in Resources */ = {isa = PBXBuildFile; fileRef = 2681C57117A4970E008B68F3 /* backto.png */; };
		2681C57717A4970E008B68F3 /* skip.png in Resources */ = {isa = PBXBuildFile; fileRef = 2681C57217A4970E008B68F3 /* skip.png */; };
		2681C57817A4970E008B68F3 /* xxx.png in Resources */ = {isa = PBXBuildFile; fileRef = 2681C57317A4970E008B68F3 /* xxx.png */; };
		2681C57917A4970E008B68F3 /* yyy.png in Resources */ = {isa = PBXBuildFile; fileRef = 2681C57417A4970E008B68F3 /* yyy.png */; };
		2681C57D17A4A0A9008B68F3 /* backk.png in Resources */ = {isa = PBXBuildFile; fileRef = 2681C57A17A4A0A9008B68F3 /* backk.png */; };
		2681C57E17A4A0A9008B68F3 /* refresh16.png in Resources */ = {isa = PBXBuildFile; fileRef = 2681C57B17A4A0A9008B68F3 /* refresh16.png */; };
		2681C57F17A4A0A9008B68F3 /* skipp.png in Resources */ = {isa = PBXBuildFile; fileRef = 2681C57C17A4A0A9008B68F3 /* skipp.png */; };
		2681C58117A4A13B008B68F3 /* 20130728084514831_easyicon_net_48.png in Resources */ = {isa = PBXBuildFile; fileRef = 2681C58017A4A13B008B68F3 /* 20130728084514831_easyicon_net_48.png */; };
		2683274D17A2567C00A267DB /* 11.jpg in Resources */ = {isa = PBXBuildFile; fileRef = 2683274517A2567B00A267DB /* 11.jpg */; };
		2683274E17A2567C00A267DB /* 22.jpg in Resources */ = {isa = PBXBuildFile; fileRef = 2683274617A2567B00A267DB /* 22.jpg */; };
		2683276017A2593600A267DB /* 11-clock.png in Resources */ = {isa = PBXBuildFile; fileRef = 2683275517A2593300A267DB /* 11-clock.png */; };
		2683276117A2593600A267DB /* 16-line-chart.png in Resources */ = {isa = PBXBuildFile; fileRef = 2683275617A2593300A267DB /* 16-line-chart.png */; };
		2683276217A2593600A267DB /* 43-film-roll.png in Resources */ = {isa = PBXBuildFile; fileRef = 2683275717A2593400A267DB /* 43-film-roll.png */; };
		2683276317A2593600A267DB /* 54-lock.png in Resources */ = {isa = PBXBuildFile; fileRef = 2683275817A2593400A267DB /* 54-lock.png */; };
		2683276417A2593600A267DB /* 86-camera.png in Resources */ = {isa = PBXBuildFile; fileRef = 2683275917A2593400A267DB /* 86-camera.png */; };
		2683276517A2593600A267DB /* 111-user.png in Resources */ = {isa = PBXBuildFile; fileRef = 2683275A17A2593400A267DB /* 111-user.png */; };
		2683276617A2593600A267DB /* 171-sun.png in Resources */ = {isa = PBXBuildFile; fileRef = 2683275B17A2593400A267DB /* 171-sun.png */; };
		2683278117A26B7000A267DB /* back.png in Resources */ = {isa = PBXBuildFile; fileRef = 2683277B17A26B6F00A267DB /* back.png */; };
		2683278217A26B7000A267DB /* BackGournd with Name.png in Resources */ = {isa = PBXBuildFile; fileRef = 2683277C17A26B6F00A267DB /* BackGournd with Name.png */; };
		2683278317A26B7000A267DB /* button normal.png in Resources */ = {isa = PBXBuildFile; fileRef = 2683277D17A26B6F00A267DB /* button normal.png */; };
		2683278417A26B7000A267DB /* button selected.png in Resources */ = {isa = PBXBuildFile; fileRef = 2683277E17A26B6F00A267DB /* button selected.png */; };
		2683278517A26B7000A267DB /* wrong.png in Resources */ = {isa = PBXBuildFile; fileRef = 2683277F17A26B6F00A267DB /* wrong.png */; };
		2683278617A26B7000A267DB /* yes.png in Resources */ = {isa = PBXBuildFile; fileRef = 2683278017A26B6F00A267DB /* yes.png */; };
		2683278F17A27AC100A267DB /* FirstBack.png in Resources */ = {isa = PBXBuildFile; fileRef = 2683278917A27AC000A267DB /* FirstBack.png */; };
		2683279017A27AC100A267DB /* NormalBAck.jpg in Resources */ = {isa = PBXBuildFile; fileRef = 2683278A17A27AC000A267DB /* NormalBAck.jpg */; };
		2683279117A27AC100A267DB /* SignInBack.png in Resources */ = {isa = PBXBuildFile; fileRef = 2683278B17A27AC000A267DB /* SignInBack.png */; };
		2683279217A27AC100A267DB /* SignUpBack.png in Resources */ = {isa = PBXBuildFile; fileRef = 2683278C17A27AC100A267DB /* SignUpBack.png */; };
		2683279317A27AC100A267DB /* TextFiledBule.png in Resources */ = {isa = PBXBuildFile; fileRef = 2683278D17A27AC100A267DB /* TextFiledBule.png */; };
		2683279417A27AC100A267DB /* TextfiledPurple.png in Resources */ = {isa = PBXBuildFile; fileRef = 2683278E17A27AC100A267DB /* TextfiledPurple.png */; };
		2683279717A2813900A267DB /* confirm.png in Resources */ = {isa = PBXBuildFile; fileRef = 2683279517A2813900A267DB /* confirm.png */; };
		2683279817A2813900A267DB /* email.png in Resources */ = {isa = PBXBuildFile; fileRef = 2683279617A2813900A267DB /* email.png */; };
		269C4D0117A6EE880098641C /* 113-navigation.png in Resources */ = {isa = PBXBuildFile; fileRef = 269C4CFE17A6EE880098641C /* 113-navigation.png */; };
		269C4D0217A6EE880098641C /* 164-glasses-2.png in Resources */ = {isa = PBXBuildFile; fileRef = 269C4CFF17A6EE880098641C /* 164-glasses-2.png */; };
		269C4D0317A6EE880098641C /* 187-pencil.png in Resources */ = {isa = PBXBuildFile; fileRef = 269C4D0017A6EE880098641C /* 187-pencil.png */; };
		269C4D0717A6F22F0098641C /* 15-tags.png in Resources */ = {isa = PBXBuildFile; fileRef = 269C4D0417A6F22F0098641C /* 15-tags.png */; };
		269C4D0817A6F22F0098641C /* 18-envelope.png in Resources */ = {isa = PBXBuildFile; fileRef = 269C4D0517A6F22F0098641C /* 18-envelope.png */; };
		269C4D0917A6F22F0098641C /* 193-location-arrow.png in Resources */ = {isa = PBXBuildFile; fileRef = 269C4D0617A6F22F0098641C /* 193-location-arrow.png */; };
		269D3D011792059D003A108D /* gray.jpeg in Resources */ = {isa = PBXBuildFile; fileRef = 269D3CF61792059C003A108D /* gray.jpeg */; };
		269D3D021792059D003A108D /* images.jpeg in Resources */ = {isa = PBXBuildFile; fileRef = 269D3CF71792059C003A108D /* images.jpeg */; };
		269D3D051792059D003A108D /* skintype_1.jpg in Resources */ = {isa = PBXBuildFile; fileRef = 269D3CFA1792059C003A108D /* skintype_1.jpg */; };
		269D3D061792059D003A108D /* skintype_2.jpg in Resources */ = {isa = PBXBuildFile; fileRef = 269D3CFB1792059C003A108D /* skintype_2.jpg */; };
		269D3D071792059D003A108D /* skintype_3.jpg in Resources */ = {isa = PBXBuildFile; fileRef = 269D3CFC1792059D003A108D /* skintype_3.jpg */; };
		269D3D081792059D003A108D /* skintype_4.jpg in Resources */ = {isa = PBXBuildFile; fileRef = 269D3CFD1792059D003A108D /* skintype_4.jpg */; };
		269D3D091792059D003A108D /* skintype_5.jpg in Resources */ = {isa = PBXBuildFile; fileRef = 269D3CFE1792059D003A108D /* skintype_5.jpg */; };
		269D3D0A1792059D003A108D /* skintype_6.jpg in Resources */ = {isa = PBXBuildFile; fileRef = 269D3CFF1792059D003A108D /* skintype_6.jpg */; };
		269D3D0B1792059D003A108D /* user.jpeg in Resources */ = {isa = PBXBuildFile; fileRef = 269D3D001792059D003A108D /* user.jpeg */; };
		346AE37517A31A32001B5103 /* libz.1.2.5.dylib in Frameworks */ = {isa = PBXBuildFile; fileRef = 346AE37417A31A32001B5103 /* libz.1.2.5.dylib */; };
		346AE38417A3217B001B5103 /* ioapi.c in Sources */ = {isa = PBXBuildFile; fileRef = 346AE37917A32129001B5103 /* ioapi.c */; };
		346AE38517A3217B001B5103 /* mztools.c in Sources */ = {isa = PBXBuildFile; fileRef = 346AE37B17A32129001B5103 /* mztools.c */; };
		346AE38617A3217B001B5103 /* unzip.c in Sources */ = {isa = PBXBuildFile; fileRef = 346AE37D17A32129001B5103 /* unzip.c */; };
		346AE38717A3217B001B5103 /* zip.c in Sources */ = {isa = PBXBuildFile; fileRef = 346AE37F17A32129001B5103 /* zip.c */; };
		346AE38817A3217B001B5103 /* ZipArchive.mm in Sources */ = {isa = PBXBuildFile; fileRef = 346AE38217A32129001B5103 /* ZipArchive.mm */; };
		3471451317A6109000B6CA2A /* CrashReporter.framework in Frameworks */ = {isa = PBXBuildFile; fileRef = 3471451217A6109000B6CA2A /* CrashReporter.framework */; };
		3492340C178F760D0061FC17 /* AlarmViewController.m in Sources */ = {isa = PBXBuildFile; fileRef = 3492340B178F760D0061FC17 /* AlarmViewController.m */; };
		34CF71B417A343C90051F750 /* Settings.bundle in Resources */ = {isa = PBXBuildFile; fileRef = 34CF71B317A343C90051F750 /* Settings.bundle */; };
		AC3033321777E99A0038EEBA /* CameraViewController.m in Sources */ = {isa = PBXBuildFile; fileRef = AC3033311777E9990038EEBA /* CameraViewController.m */; };
		AC30333A17783F5F0038EEBA /* FirstViewController.m in Sources */ = {isa = PBXBuildFile; fileRef = AC30333517783E380038EEBA /* FirstViewController.m */; };
		AC30333B17783F5F0038EEBA /* SignUpViewController.m in Sources */ = {isa = PBXBuildFile; fileRef = AC30333717783E3A0038EEBA /* SignUpViewController.m */; };
		AC30333E17783F8F0038EEBA /* loginAndProfile-Info.plist in Resources */ = {isa = PBXBuildFile; fileRef = AC30333817783E680038EEBA /* loginAndProfile-Info.plist */; };
		AC303340177841B50038EEBA /* Storyboard.storyboard in Resources */ = {isa = PBXBuildFile; fileRef = AC30333F177841B40038EEBA /* Storyboard.storyboard */; };
		AC745F6E1778E4ED00A60001 /* MainStoryboard_iPhone.storyboard in Resources */ = {isa = PBXBuildFile; fileRef = AC745F6D1778E4ED00A60001 /* MainStoryboard_iPhone.storyboard */; };
		AC9834951788D4C600E6004A /* email.m in Sources */ = {isa = PBXBuildFile; fileRef = 3433FBBA1788CFC8000346E6 /* email.m */; };
		AC9AB9361791FF850066B72C /* background2.jpg in Resources */ = {isa = PBXBuildFile; fileRef = AC30333317783E370038EEBA /* background2.jpg */; };
		ACA0C4BD1788D8CE00186C26 /* MessageUI.framework in Frameworks */ = {isa = PBXBuildFile; fileRef = ACA0C4BC1788D8CE00186C26 /* MessageUI.framework */; };
		ACAA0A3C177770D000C6CFE9 /* UIKit.framework in Frameworks */ = {isa = PBXBuildFile; fileRef = ACAA0A3B177770D000C6CFE9 /* UIKit.framework */; };
		ACAA0A3E177770D000C6CFE9 /* Foundation.framework in Frameworks */ = {isa = PBXBuildFile; fileRef = ACAA0A3D177770D000C6CFE9 /* Foundation.framework */; };
		ACAA0A40177770D000C6CFE9 /* CoreGraphics.framework in Frameworks */ = {isa = PBXBuildFile; fileRef = ACAA0A3F177770D000C6CFE9 /* CoreGraphics.framework */; };
		ACAA0A8A1777725F00C6CFE9 /* ABCDEAppDelegate.m in Sources */ = {isa = PBXBuildFile; fileRef = ACAA0A711777714900C6CFE9 /* ABCDEAppDelegate.m */; };
		ACAA0A8B1777725F00C6CFE9 /* ABCDEViewController.m in Sources */ = {isa = PBXBuildFile; fileRef = ACAA0A731777714900C6CFE9 /* ABCDEViewController.m */; };
		ACAA0A8C1777725F00C6CFE9 /* AppDelegate.m in Sources */ = {isa = PBXBuildFile; fileRef = ACAA0A631777714000C6CFE9 /* AppDelegate.m */; };
		ACAA0A8D1777725F00C6CFE9 /* ViewController.m in Sources */ = {isa = PBXBuildFile; fileRef = ACAA0A651777714000C6CFE9 /* ViewController.m */; };
		ACAA0A8E1777725F00C6CFE9 /* Mole.m in Sources */ = {isa = PBXBuildFile; fileRef = ACAA0A82177771B300C6CFE9 /* Mole.m */; };
		ACAA0A8F1777725F00C6CFE9 /* ListTableViewController.m in Sources */ = {isa = PBXBuildFile; fileRef = ACAA0A671777714000C6CFE9 /* ListTableViewController.m */; };
		ACAA0A901777725F00C6CFE9 /* CustomCell.m in Sources */ = {isa = PBXBuildFile; fileRef = ACAA0A691777714000C6CFE9 /* CustomCell.m */; };
		ACAA0A911777725F00C6CFE9 /* DetailsViewController.m in Sources */ = {isa = PBXBuildFile; fileRef = ACAA0A6B1777714000C6CFE9 /* DetailsViewController.m */; };
		ACAA0A921777725F00C6CFE9 /* CompareViewController.m in Sources */ = {isa = PBXBuildFile; fileRef = ACAA0A6D1777714000C6CFE9 /* CompareViewController.m */; };
		ACAA0A931777725F00C6CFE9 /* EditViewController.m in Sources */ = {isa = PBXBuildFile; fileRef = ACAA0A6F1777714000C6CFE9 /* EditViewController.m */; };
		ACAA0A941777727800C6CFE9 /* main.m in Sources */ = {isa = PBXBuildFile; fileRef = ACAA0A771777715B00C6CFE9 /* main.m */; };
		ACAA0A97177772A600C6CFE9 /* photo(11).JPG in Resources */ = {isa = PBXBuildFile; fileRef = ACAA0A87177771B300C6CFE9 /* photo(11).JPG */; };
		ACAA0A98177772A600C6CFE9 /* photo(12)-1.JPG in Resources */ = {isa = PBXBuildFile; fileRef = ACAA0A88177771B300C6CFE9 /* photo(12)-1.JPG */; };
		ACAA0A9A177772A600C6CFE9 /* MelanomaA.jpg in Resources */ = {isa = PBXBuildFile; fileRef = ACAA0A7C1777718C00C6CFE9 /* MelanomaA.jpg */; };
		ACAA0A9B177772A600C6CFE9 /* Melanoma6.jpg in Resources */ = {isa = PBXBuildFile; fileRef = ACAA0A7D1777718C00C6CFE9 /* Melanoma6.jpg */; };
		ACAA0A9C177772A600C6CFE9 /* MelanomaA4.jpg in Resources */ = {isa = PBXBuildFile; fileRef = ACAA0A7E1777718C00C6CFE9 /* MelanomaA4.jpg */; };
		ACAA0A9D177772A600C6CFE9 /* ABCDE Tutorial-Info.plist in Resources */ = {isa = PBXBuildFile; fileRef = ACAA0A7F1777718C00C6CFE9 /* ABCDE Tutorial-Info.plist */; };
		ACAA0A9E177772A600C6CFE9 /* Mole Vision-Info.plist in Resources */ = {isa = PBXBuildFile; fileRef = ACAA0A741777715B00C6CFE9 /* Mole Vision-Info.plist */; };
		ACAA0AA0177772A600C6CFE9 /* Default.png in Resources */ = {isa = PBXBuildFile; fileRef = ACAA0A791777715B00C6CFE9 /* Default.png */; };
		ACAA0AA1177772A600C6CFE9 /* Default@2x.png in Resources */ = {isa = PBXBuildFile; fileRef = ACAA0A7A1777715B00C6CFE9 /* Default@2x.png */; };
		ACE00A96178CC789006F33DB /* ImageIO.framework in Frameworks */ = {isa = PBXBuildFile; fileRef = ACE00A95178CC789006F33DB /* ImageIO.framework */; };
/* End PBXBuildFile section */

/* Begin PBXFileReference section */
		1996CF4717A4EA930003B6A6 /* CoreLocation.framework */ = {isa = PBXFileReference; lastKnownFileType = wrapper.framework; name = CoreLocation.framework; path = System/Library/Frameworks/CoreLocation.framework; sourceTree = SDKROOT; };
		1996CF4917A4EAF80003B6A6 /* UVIndexViewController.h */ = {isa = PBXFileReference; lastKnownFileType = sourcecode.c.h; path = UVIndexViewController.h; sourceTree = "<group>"; };
		1996CF4A17A4EB090003B6A6 /* UVIndexViewController.m */ = {isa = PBXFileReference; fileEncoding = 4; lastKnownFileType = sourcecode.c.objc; path = UVIndexViewController.m; sourceTree = "<group>"; };
		26430D4517A53FD600524631 /* 57.png */ = {isa = PBXFileReference; lastKnownFileType = image.png; path = 57.png; sourceTree = "<group>"; };
		26430D4717A53FDB00524631 /* 114.png */ = {isa = PBXFileReference; lastKnownFileType = image.png; path = 114.png; sourceTree = "<group>"; };
		26430D4917A5408700524631 /* Default.png */ = {isa = PBXFileReference; lastKnownFileType = image.png; path = Default.png; sourceTree = "<group>"; };
		26430D4B17A5408F00524631 /* Default@2x.png */ = {isa = PBXFileReference; lastKnownFileType = image.png; path = "Default@2x.png"; sourceTree = "<group>"; };
		26430D4D17A5409A00524631 /* Default-568h@2x.png */ = {isa = PBXFileReference; lastKnownFileType = image.png; path = "Default-568h@2x.png"; sourceTree = "<group>"; };
		2681C57117A4970E008B68F3 /* backto.png */ = {isa = PBXFileReference; lastKnownFileType = image.png; path = backto.png; sourceTree = "<group>"; };
		2681C57217A4970E008B68F3 /* skip.png */ = {isa = PBXFileReference; lastKnownFileType = image.png; path = skip.png; sourceTree = "<group>"; };
		2681C57317A4970E008B68F3 /* xxx.png */ = {isa = PBXFileReference; lastKnownFileType = image.png; path = xxx.png; sourceTree = "<group>"; };
		2681C57417A4970E008B68F3 /* yyy.png */ = {isa = PBXFileReference; lastKnownFileType = image.png; path = yyy.png; sourceTree = "<group>"; };
		2681C57A17A4A0A9008B68F3 /* backk.png */ = {isa = PBXFileReference; lastKnownFileType = image.png; path = backk.png; sourceTree = "<group>"; };
		2681C57B17A4A0A9008B68F3 /* refresh16.png */ = {isa = PBXFileReference; lastKnownFileType = image.png; path = refresh16.png; sourceTree = "<group>"; };
		2681C57C17A4A0A9008B68F3 /* skipp.png */ = {isa = PBXFileReference; lastKnownFileType = image.png; path = skipp.png; sourceTree = "<group>"; };
		2681C58017A4A13B008B68F3 /* 20130728084514831_easyicon_net_48.png */ = {isa = PBXFileReference; lastKnownFileType = image.png; name = 20130728084514831_easyicon_net_48.png; path = MoleVision/20130728084514831_easyicon_net_48.png; sourceTree = "<group>"; };
		2683274517A2567B00A267DB /* 11.jpg */ = {isa = PBXFileReference; lastKnownFileType = image.jpeg; path = 11.jpg; sourceTree = "<group>"; };
		2683274617A2567B00A267DB /* 22.jpg */ = {isa = PBXFileReference; lastKnownFileType = image.jpeg; path = 22.jpg; sourceTree = "<group>"; };
		2683275517A2593300A267DB /* 11-clock.png */ = {isa = PBXFileReference; lastKnownFileType = image.png; path = "11-clock.png"; sourceTree = "<group>"; };
		2683275617A2593300A267DB /* 16-line-chart.png */ = {isa = PBXFileReference; lastKnownFileType = image.png; path = "16-line-chart.png"; sourceTree = "<group>"; };
		2683275717A2593400A267DB /* 43-film-roll.png */ = {isa = PBXFileReference; lastKnownFileType = image.png; path = "43-film-roll.png"; sourceTree = "<group>"; };
		2683275817A2593400A267DB /* 54-lock.png */ = {isa = PBXFileReference; lastKnownFileType = image.png; path = "54-lock.png"; sourceTree = "<group>"; };
		2683275917A2593400A267DB /* 86-camera.png */ = {isa = PBXFileReference; lastKnownFileType = image.png; path = "86-camera.png"; sourceTree = "<group>"; };
		2683275A17A2593400A267DB /* 111-user.png */ = {isa = PBXFileReference; lastKnownFileType = image.png; path = "111-user.png"; sourceTree = "<group>"; };
		2683275B17A2593400A267DB /* 171-sun.png */ = {isa = PBXFileReference; lastKnownFileType = image.png; path = "171-sun.png"; sourceTree = "<group>"; };
		2683277B17A26B6F00A267DB /* back.png */ = {isa = PBXFileReference; lastKnownFileType = image.png; path = back.png; sourceTree = "<group>"; };
		2683277C17A26B6F00A267DB /* BackGournd with Name.png */ = {isa = PBXFileReference; lastKnownFileType = image.png; path = "BackGournd with Name.png"; sourceTree = "<group>"; };
		2683277D17A26B6F00A267DB /* button normal.png */ = {isa = PBXFileReference; lastKnownFileType = image.png; path = "button normal.png"; sourceTree = "<group>"; };
		2683277E17A26B6F00A267DB /* button selected.png */ = {isa = PBXFileReference; lastKnownFileType = image.png; path = "button selected.png"; sourceTree = "<group>"; };
		2683277F17A26B6F00A267DB /* wrong.png */ = {isa = PBXFileReference; lastKnownFileType = image.png; path = wrong.png; sourceTree = "<group>"; };
		2683278017A26B6F00A267DB /* yes.png */ = {isa = PBXFileReference; lastKnownFileType = image.png; path = yes.png; sourceTree = "<group>"; };
		2683278917A27AC000A267DB /* FirstBack.png */ = {isa = PBXFileReference; lastKnownFileType = image.png; path = FirstBack.png; sourceTree = "<group>"; };
		2683278A17A27AC000A267DB /* NormalBAck.jpg */ = {isa = PBXFileReference; lastKnownFileType = image.jpeg; path = NormalBAck.jpg; sourceTree = "<group>"; };
		2683278B17A27AC000A267DB /* SignInBack.png */ = {isa = PBXFileReference; lastKnownFileType = image.png; path = SignInBack.png; sourceTree = "<group>"; };
		2683278C17A27AC100A267DB /* SignUpBack.png */ = {isa = PBXFileReference; lastKnownFileType = image.png; path = SignUpBack.png; sourceTree = "<group>"; };
		2683278D17A27AC100A267DB /* TextFiledBule.png */ = {isa = PBXFileReference; lastKnownFileType = image.png; path = TextFiledBule.png; sourceTree = "<group>"; };
		2683278E17A27AC100A267DB /* TextfiledPurple.png */ = {isa = PBXFileReference; lastKnownFileType = image.png; path = TextfiledPurple.png; sourceTree = "<group>"; };
		2683279517A2813900A267DB /* confirm.png */ = {isa = PBXFileReference; lastKnownFileType = image.png; path = confirm.png; sourceTree = "<group>"; };
		2683279617A2813900A267DB /* email.png */ = {isa = PBXFileReference; lastKnownFileType = image.png; path = email.png; sourceTree = "<group>"; };
		269C4CFE17A6EE880098641C /* 113-navigation.png */ = {isa = PBXFileReference; lastKnownFileType = image.png; path = "113-navigation.png"; sourceTree = "<group>"; };
		269C4CFF17A6EE880098641C /* 164-glasses-2.png */ = {isa = PBXFileReference; lastKnownFileType = image.png; path = "164-glasses-2.png"; sourceTree = "<group>"; };
		269C4D0017A6EE880098641C /* 187-pencil.png */ = {isa = PBXFileReference; lastKnownFileType = image.png; path = "187-pencil.png"; sourceTree = "<group>"; };
		269C4D0417A6F22F0098641C /* 15-tags.png */ = {isa = PBXFileReference; lastKnownFileType = image.png; path = "15-tags.png"; sourceTree = "<group>"; };
		269C4D0517A6F22F0098641C /* 18-envelope.png */ = {isa = PBXFileReference; lastKnownFileType = image.png; path = "18-envelope.png"; sourceTree = "<group>"; };
		269C4D0617A6F22F0098641C /* 193-location-arrow.png */ = {isa = PBXFileReference; lastKnownFileType = image.png; path = "193-location-arrow.png"; sourceTree = "<group>"; };
		269D3CF61792059C003A108D /* gray.jpeg */ = {isa = PBXFileReference; lastKnownFileType = image.jpeg; path = gray.jpeg; sourceTree = "<group>"; };
		269D3CF71792059C003A108D /* images.jpeg */ = {isa = PBXFileReference; lastKnownFileType = image.jpeg; path = images.jpeg; sourceTree = "<group>"; };
		269D3CFA1792059C003A108D /* skintype_1.jpg */ = {isa = PBXFileReference; lastKnownFileType = image.jpeg; path = skintype_1.jpg; sourceTree = "<group>"; };
		269D3CFB1792059C003A108D /* skintype_2.jpg */ = {isa = PBXFileReference; lastKnownFileType = image.jpeg; path = skintype_2.jpg; sourceTree = "<group>"; };
		269D3CFC1792059D003A108D /* skintype_3.jpg */ = {isa = PBXFileReference; lastKnownFileType = image.jpeg; path = skintype_3.jpg; sourceTree = "<group>"; };
		269D3CFD1792059D003A108D /* skintype_4.jpg */ = {isa = PBXFileReference; lastKnownFileType = image.jpeg; path = skintype_4.jpg; sourceTree = "<group>"; };
		269D3CFE1792059D003A108D /* skintype_5.jpg */ = {isa = PBXFileReference; lastKnownFileType = image.jpeg; path = skintype_5.jpg; sourceTree = "<group>"; };
		269D3CFF1792059D003A108D /* skintype_6.jpg */ = {isa = PBXFileReference; lastKnownFileType = image.jpeg; path = skintype_6.jpg; sourceTree = "<group>"; };
		269D3D001792059D003A108D /* user.jpeg */ = {isa = PBXFileReference; lastKnownFileType = image.jpeg; path = user.jpeg; sourceTree = "<group>"; };
		3433FBB91788CFC8000346E6 /* email.h */ = {isa = PBXFileReference; lastKnownFileType = sourcecode.c.h; name = email.h; path = MoleVision/email.h; sourceTree = SOURCE_ROOT; };
		3433FBBA1788CFC8000346E6 /* email.m */ = {isa = PBXFileReference; lastKnownFileType = sourcecode.c.objc; name = email.m; path = MoleVision/email.m; sourceTree = SOURCE_ROOT; };
		346AE37417A31A32001B5103 /* libz.1.2.5.dylib */ = {isa = PBXFileReference; lastKnownFileType = "compiled.mach-o.dylib"; name = libz.1.2.5.dylib; path = usr/lib/libz.1.2.5.dylib; sourceTree = SDKROOT; };
		346AE37817A32129001B5103 /* crypt.h */ = {isa = PBXFileReference; lastKnownFileType = sourcecode.c.h; path = crypt.h; sourceTree = "<group>"; };
		346AE37917A32129001B5103 /* ioapi.c */ = {isa = PBXFileReference; lastKnownFileType = sourcecode.c.c; path = ioapi.c; sourceTree = "<group>"; };
		346AE37A17A32129001B5103 /* ioapi.h */ = {isa = PBXFileReference; lastKnownFileType = sourcecode.c.h; path = ioapi.h; sourceTree = "<group>"; };
		346AE37B17A32129001B5103 /* mztools.c */ = {isa = PBXFileReference; lastKnownFileType = sourcecode.c.c; path = mztools.c; sourceTree = "<group>"; };
		346AE37C17A32129001B5103 /* mztools.h */ = {isa = PBXFileReference; lastKnownFileType = sourcecode.c.h; path = mztools.h; sourceTree = "<group>"; };
		346AE37D17A32129001B5103 /* unzip.c */ = {isa = PBXFileReference; lastKnownFileType = sourcecode.c.c; path = unzip.c; sourceTree = "<group>"; };
		346AE37E17A32129001B5103 /* unzip.h */ = {isa = PBXFileReference; lastKnownFileType = sourcecode.c.h; path = unzip.h; sourceTree = "<group>"; };
		346AE37F17A32129001B5103 /* zip.c */ = {isa = PBXFileReference; lastKnownFileType = sourcecode.c.c; path = zip.c; sourceTree = "<group>"; };
		346AE38017A32129001B5103 /* zip.h */ = {isa = PBXFileReference; lastKnownFileType = sourcecode.c.h; path = zip.h; sourceTree = "<group>"; };
		346AE38117A32129001B5103 /* ZipArchive.h */ = {isa = PBXFileReference; lastKnownFileType = sourcecode.c.h; name = ZipArchive.h; path = ZipArchive/ZipArchive.h; sourceTree = "<group>"; };
		346AE38217A32129001B5103 /* ZipArchive.mm */ = {isa = PBXFileReference; lastKnownFileType = sourcecode.cpp.objcpp; name = ZipArchive.mm; path = ZipArchive/ZipArchive.mm; sourceTree = "<group>"; };
		3471451217A6109000B6CA2A /* CrashReporter.framework */ = {isa = PBXFileReference; lastKnownFileType = wrapper.framework; path = CrashReporter.framework; sourceTree = "<group>"; };
		3471451417A610A300B6CA2A /* CrashReporter.h */ = {isa = PBXFileReference; lastKnownFileType = sourcecode.c.h; name = CrashReporter.h; path = CrashReporter.framework/Versions/A/Headers/CrashReporter.h; sourceTree = "<group>"; };
		3492340A178F760D0061FC17 /* AlarmViewController.h */ = {isa = PBXFileReference; fileEncoding = 4; lastKnownFileType = sourcecode.c.h; path = AlarmViewController.h; sourceTree = "<group>"; };
		3492340B178F760D0061FC17 /* AlarmViewController.m */ = {isa = PBXFileReference; fileEncoding = 4; lastKnownFileType = sourcecode.c.objc; path = AlarmViewController.m; sourceTree = "<group>"; };
		34CF71B317A343C90051F750 /* Settings.bundle */ = {isa = PBXFileReference; lastKnownFileType = "wrapper.plug-in"; path = Settings.bundle; sourceTree = "<group>"; };
		AC3033301777E9990038EEBA /* CameraViewController.h */ = {isa = PBXFileReference; fileEncoding = 4; lastKnownFileType = sourcecode.c.h; path = CameraViewController.h; sourceTree = "<group>"; };
		AC3033311777E9990038EEBA /* CameraViewController.m */ = {isa = PBXFileReference; fileEncoding = 4; lastKnownFileType = sourcecode.c.objc; path = CameraViewController.m; sourceTree = "<group>"; };
		AC30333317783E370038EEBA /* background2.jpg */ = {isa = PBXFileReference; lastKnownFileType = image.jpeg; path = background2.jpg; sourceTree = "<group>"; };
		AC30333417783E380038EEBA /* FirstViewController.h */ = {isa = PBXFileReference; lastKnownFileType = sourcecode.c.h; path = FirstViewController.h; sourceTree = "<group>"; };
		AC30333517783E380038EEBA /* FirstViewController.m */ = {isa = PBXFileReference; lastKnownFileType = sourcecode.c.objc; path = FirstViewController.m; sourceTree = "<group>"; };
		AC30333617783E390038EEBA /* SignUpViewController.h */ = {isa = PBXFileReference; lastKnownFileType = sourcecode.c.h; path = SignUpViewController.h; sourceTree = "<group>"; };
		AC30333717783E3A0038EEBA /* SignUpViewController.m */ = {isa = PBXFileReference; lastKnownFileType = sourcecode.c.objc; path = SignUpViewController.m; sourceTree = "<group>"; };
		AC30333817783E680038EEBA /* loginAndProfile-Info.plist */ = {isa = PBXFileReference; lastKnownFileType = text.plist.xml; path = "loginAndProfile-Info.plist"; sourceTree = "<group>"; };
		AC30333917783E690038EEBA /* loginAndProfile-Prefix.pch */ = {isa = PBXFileReference; lastKnownFileType = sourcecode.c.h; path = "loginAndProfile-Prefix.pch"; sourceTree = "<group>"; };
		AC30333F177841B40038EEBA /* Storyboard.storyboard */ = {isa = PBXFileReference; fileEncoding = 4; lastKnownFileType = file.storyboard; path = Storyboard.storyboard; sourceTree = "<group>"; };
		AC745F6D1778E4ED00A60001 /* MainStoryboard_iPhone.storyboard */ = {isa = PBXFileReference; fileEncoding = 4; lastKnownFileType = file.storyboard; path = MainStoryboard_iPhone.storyboard; sourceTree = "<group>"; };
		ACA0C4BC1788D8CE00186C26 /* MessageUI.framework */ = {isa = PBXFileReference; lastKnownFileType = wrapper.framework; name = MessageUI.framework; path = System/Library/Frameworks/MessageUI.framework; sourceTree = SDKROOT; };
		ACAA0A38177770D000C6CFE9 /* MoleVision.app */ = {isa = PBXFileReference; explicitFileType = wrapper.application; includeInIndex = 0; path = MoleVision.app; sourceTree = BUILT_PRODUCTS_DIR; };
		ACAA0A3B177770D000C6CFE9 /* UIKit.framework */ = {isa = PBXFileReference; lastKnownFileType = wrapper.framework; name = UIKit.framework; path = System/Library/Frameworks/UIKit.framework; sourceTree = SDKROOT; };
		ACAA0A3D177770D000C6CFE9 /* Foundation.framework */ = {isa = PBXFileReference; lastKnownFileType = wrapper.framework; name = Foundation.framework; path = System/Library/Frameworks/Foundation.framework; sourceTree = SDKROOT; };
		ACAA0A3F177770D000C6CFE9 /* CoreGraphics.framework */ = {isa = PBXFileReference; lastKnownFileType = wrapper.framework; name = CoreGraphics.framework; path = System/Library/Frameworks/CoreGraphics.framework; sourceTree = SDKROOT; };
		ACAA0A621777714000C6CFE9 /* AppDelegate.h */ = {isa = PBXFileReference; lastKnownFileType = sourcecode.c.h; path = AppDelegate.h; sourceTree = "<group>"; };
		ACAA0A631777714000C6CFE9 /* AppDelegate.m */ = {isa = PBXFileReference; lastKnownFileType = sourcecode.c.objc; path = AppDelegate.m; sourceTree = "<group>"; };
		ACAA0A641777714000C6CFE9 /* ViewController.h */ = {isa = PBXFileReference; lastKnownFileType = sourcecode.c.h; path = ViewController.h; sourceTree = "<group>"; };
		ACAA0A651777714000C6CFE9 /* ViewController.m */ = {isa = PBXFileReference; lastKnownFileType = sourcecode.c.objc; path = ViewController.m; sourceTree = "<group>"; };
		ACAA0A661777714000C6CFE9 /* ListTableViewController.h */ = {isa = PBXFileReference; lastKnownFileType = sourcecode.c.h; path = ListTableViewController.h; sourceTree = "<group>"; };
		ACAA0A671777714000C6CFE9 /* ListTableViewController.m */ = {isa = PBXFileReference; lastKnownFileType = sourcecode.c.objc; path = ListTableViewController.m; sourceTree = "<group>"; };
		ACAA0A681777714000C6CFE9 /* CustomCell.h */ = {isa = PBXFileReference; lastKnownFileType = sourcecode.c.h; path = CustomCell.h; sourceTree = "<group>"; };
		ACAA0A691777714000C6CFE9 /* CustomCell.m */ = {isa = PBXFileReference; lastKnownFileType = sourcecode.c.objc; path = CustomCell.m; sourceTree = "<group>"; };
		ACAA0A6A1777714000C6CFE9 /* DetailsViewController.h */ = {isa = PBXFileReference; lastKnownFileType = sourcecode.c.h; path = DetailsViewController.h; sourceTree = "<group>"; };
		ACAA0A6B1777714000C6CFE9 /* DetailsViewController.m */ = {isa = PBXFileReference; lastKnownFileType = sourcecode.c.objc; path = DetailsViewController.m; sourceTree = "<group>"; };
		ACAA0A6C1777714000C6CFE9 /* CompareViewController.h */ = {isa = PBXFileReference; lastKnownFileType = sourcecode.c.h; path = CompareViewController.h; sourceTree = "<group>"; };
		ACAA0A6D1777714000C6CFE9 /* CompareViewController.m */ = {isa = PBXFileReference; lastKnownFileType = sourcecode.c.objc; path = CompareViewController.m; sourceTree = "<group>"; };
		ACAA0A6E1777714000C6CFE9 /* EditViewController.h */ = {isa = PBXFileReference; lastKnownFileType = sourcecode.c.h; path = EditViewController.h; sourceTree = "<group>"; };
		ACAA0A6F1777714000C6CFE9 /* EditViewController.m */ = {isa = PBXFileReference; lastKnownFileType = sourcecode.c.objc; path = EditViewController.m; sourceTree = "<group>"; };
		ACAA0A701777714900C6CFE9 /* ABCDEAppDelegate.h */ = {isa = PBXFileReference; lastKnownFileType = sourcecode.c.h; path = ABCDEAppDelegate.h; sourceTree = "<group>"; };
		ACAA0A711777714900C6CFE9 /* ABCDEAppDelegate.m */ = {isa = PBXFileReference; lastKnownFileType = sourcecode.c.objc; path = ABCDEAppDelegate.m; sourceTree = "<group>"; };
		ACAA0A721777714900C6CFE9 /* ABCDEViewController.h */ = {isa = PBXFileReference; lastKnownFileType = sourcecode.c.h; path = ABCDEViewController.h; sourceTree = "<group>"; };
		ACAA0A731777714900C6CFE9 /* ABCDEViewController.m */ = {isa = PBXFileReference; lastKnownFileType = sourcecode.c.objc; path = ABCDEViewController.m; sourceTree = "<group>"; };
		ACAA0A741777715B00C6CFE9 /* Mole Vision-Info.plist */ = {isa = PBXFileReference; lastKnownFileType = text.plist.xml; name = "Mole Vision-Info.plist"; path = "Supporting Files/Mole Vision-Info.plist"; sourceTree = "<group>"; };
		ACAA0A771777715B00C6CFE9 /* main.m */ = {isa = PBXFileReference; lastKnownFileType = sourcecode.c.objc; path = main.m; sourceTree = "<group>"; };
		ACAA0A781777715B00C6CFE9 /* Mole Vision-Prefix.pch */ = {isa = PBXFileReference; lastKnownFileType = sourcecode.c.h; name = "Mole Vision-Prefix.pch"; path = "Supporting Files/Mole Vision-Prefix.pch"; sourceTree = "<group>"; };
		ACAA0A791777715B00C6CFE9 /* Default.png */ = {isa = PBXFileReference; lastKnownFileType = image.png; path = Default.png; sourceTree = "<group>"; };
		ACAA0A7A1777715B00C6CFE9 /* Default@2x.png */ = {isa = PBXFileReference; lastKnownFileType = image.png; path = "Default@2x.png"; sourceTree = "<group>"; };
		ACAA0A7B1777715B00C6CFE9 /* Default-568h@2x.png */ = {isa = PBXFileReference; lastKnownFileType = image.png; path = "Default-568h@2x.png"; sourceTree = "<group>"; };
		ACAA0A7C1777718C00C6CFE9 /* MelanomaA.jpg */ = {isa = PBXFileReference; lastKnownFileType = image.jpeg; name = MelanomaA.jpg; path = "Supporting Files/MelanomaA.jpg"; sourceTree = "<group>"; };
		ACAA0A7D1777718C00C6CFE9 /* Melanoma6.jpg */ = {isa = PBXFileReference; lastKnownFileType = image.jpeg; name = Melanoma6.jpg; path = "Supporting Files/Melanoma6.jpg"; sourceTree = "<group>"; };
		ACAA0A7E1777718C00C6CFE9 /* MelanomaA4.jpg */ = {isa = PBXFileReference; lastKnownFileType = image.jpeg; name = MelanomaA4.jpg; path = "Supporting Files/MelanomaA4.jpg"; sourceTree = "<group>"; };
		ACAA0A7F1777718C00C6CFE9 /* ABCDE Tutorial-Info.plist */ = {isa = PBXFileReference; lastKnownFileType = text.plist.xml; name = "ABCDE Tutorial-Info.plist"; path = "Supporting Files/ABCDE Tutorial-Info.plist"; sourceTree = "<group>"; };
		ACAA0A801777718C00C6CFE9 /* ABCDE Tutorial-Prefix.pch */ = {isa = PBXFileReference; lastKnownFileType = sourcecode.c.h; name = "ABCDE Tutorial-Prefix.pch"; path = "Supporting Files/ABCDE Tutorial-Prefix.pch"; sourceTree = "<group>"; };
		ACAA0A81177771B300C6CFE9 /* Mole.h */ = {isa = PBXFileReference; lastKnownFileType = sourcecode.c.h; path = Mole.h; sourceTree = "<group>"; };
		ACAA0A82177771B300C6CFE9 /* Mole.m */ = {isa = PBXFileReference; lastKnownFileType = sourcecode.c.objc; path = Mole.m; sourceTree = "<group>"; };
		ACAA0A87177771B300C6CFE9 /* photo(11).JPG */ = {isa = PBXFileReference; lastKnownFileType = image.jpeg; path = "photo(11).JPG"; sourceTree = "<group>"; };
		ACAA0A88177771B300C6CFE9 /* photo(12)-1.JPG */ = {isa = PBXFileReference; lastKnownFileType = image.jpeg; path = "photo(12)-1.JPG"; sourceTree = "<group>"; };
		ACE00A95178CC789006F33DB /* ImageIO.framework */ = {isa = PBXFileReference; lastKnownFileType = wrapper.framework; name = ImageIO.framework; path = System/Library/Frameworks/ImageIO.framework; sourceTree = SDKROOT; };
/* End PBXFileReference section */

/* Begin PBXFrameworksBuildPhase section */
		ACAA0A35177770D000C6CFE9 /* Frameworks */ = {
			isa = PBXFrameworksBuildPhase;
			buildActionMask = 2147483647;
			files = (
				1996CF4817A4EA930003B6A6 /* CoreLocation.framework in Frameworks */,
				346AE37517A31A32001B5103 /* libz.1.2.5.dylib in Frameworks */,
				ACE00A96178CC789006F33DB /* ImageIO.framework in Frameworks */,
				ACA0C4BD1788D8CE00186C26 /* MessageUI.framework in Frameworks */,
				ACAA0A3C177770D000C6CFE9 /* UIKit.framework in Frameworks */,
				ACAA0A3E177770D000C6CFE9 /* Foundation.framework in Frameworks */,
				ACAA0A40177770D000C6CFE9 /* CoreGraphics.framework in Frameworks */,
				3471451317A6109000B6CA2A /* CrashReporter.framework in Frameworks */,
			);
			runOnlyForDeploymentPostprocessing = 0;
		};
/* End PBXFrameworksBuildPhase section */

/* Begin PBXGroup section */
		2683277717A25FB900A267DB /* Skin Type Images */ = {
			isa = PBXGroup;
			children = (
				269D3CFA1792059C003A108D /* skintype_1.jpg */,
				269D3CFB1792059C003A108D /* skintype_2.jpg */,
				269D3CFC1792059D003A108D /* skintype_3.jpg */,
				269D3CFD1792059D003A108D /* skintype_4.jpg */,
				269D3CFE1792059D003A108D /* skintype_5.jpg */,
				269D3CFF1792059D003A108D /* skintype_6.jpg */,
			);
			name = "Skin Type Images";
			sourceTree = "<group>";
		};
		2683277817A25FF600A267DB /* UI Images */ = {
			isa = PBXGroup;
			children = (
				269C4D0417A6F22F0098641C /* 15-tags.png */,
				269C4D0517A6F22F0098641C /* 18-envelope.png */,
				269C4D0617A6F22F0098641C /* 193-location-arrow.png */,
				269C4CFE17A6EE880098641C /* 113-navigation.png */,
				269C4CFF17A6EE880098641C /* 164-glasses-2.png */,
				269C4D0017A6EE880098641C /* 187-pencil.png */,
				2681C58017A4A13B008B68F3 /* 20130728084514831_easyicon_net_48.png */,
				2681C57117A4970E008B68F3 /* backto.png */,
				2681C57217A4970E008B68F3 /* skip.png */,
				2681C57317A4970E008B68F3 /* xxx.png */,
				2681C57A17A4A0A9008B68F3 /* backk.png */,
				2681C57B17A4A0A9008B68F3 /* refresh16.png */,
				2681C57C17A4A0A9008B68F3 /* skipp.png */,
				2681C57417A4970E008B68F3 /* yyy.png */,
				2683279517A2813900A267DB /* confirm.png */,
				2683279617A2813900A267DB /* email.png */,
				2683278917A27AC000A267DB /* FirstBack.png */,
				2683278A17A27AC000A267DB /* NormalBAck.jpg */,
				2683278B17A27AC000A267DB /* SignInBack.png */,
				2683278C17A27AC100A267DB /* SignUpBack.png */,
				2683278D17A27AC100A267DB /* TextFiledBule.png */,
				2683278E17A27AC100A267DB /* TextfiledPurple.png */,
				2683277B17A26B6F00A267DB /* back.png */,
				2683277C17A26B6F00A267DB /* BackGournd with Name.png */,
				2683277D17A26B6F00A267DB /* button normal.png */,
				2683277E17A26B6F00A267DB /* button selected.png */,
				2683277F17A26B6F00A267DB /* wrong.png */,
				2683278017A26B6F00A267DB /* yes.png */,
				ACAA0A87177771B300C6CFE9 /* photo(11).JPG */,
				ACAA0A88177771B300C6CFE9 /* photo(12)-1.JPG */,
				269D3D001792059D003A108D /* user.jpeg */,
				AC30333317783E370038EEBA /* background2.jpg */,
				269D3CF61792059C003A108D /* gray.jpeg */,
				269D3CF71792059C003A108D /* images.jpeg */,
				2683275817A2593400A267DB /* 54-lock.png */,
				2683275917A2593400A267DB /* 86-camera.png */,
				2683275A17A2593400A267DB /* 111-user.png */,
				2683275B17A2593400A267DB /* 171-sun.png */,
				2683274517A2567B00A267DB /* 11.jpg */,
				2683274617A2567B00A267DB /* 22.jpg */,
				2683275517A2593300A267DB /* 11-clock.png */,
				2683275617A2593300A267DB /* 16-line-chart.png */,
				2683275717A2593400A267DB /* 43-film-roll.png */,
			);
			name = "UI Images";
			sourceTree = "<group>";
		};
		346AE37717A32129001B5103 /* minizip */ = {
			isa = PBXGroup;
			children = (
				346AE37817A32129001B5103 /* crypt.h */,
				346AE37917A32129001B5103 /* ioapi.c */,
				346AE37A17A32129001B5103 /* ioapi.h */,
				346AE37B17A32129001B5103 /* mztools.c */,
				346AE37C17A32129001B5103 /* mztools.h */,
				346AE37D17A32129001B5103 /* unzip.c */,
				346AE37E17A32129001B5103 /* unzip.h */,
				346AE37F17A32129001B5103 /* zip.c */,
				346AE38017A32129001B5103 /* zip.h */,
			);
			name = minizip;
			path = ZipArchive/minizip;
			sourceTree = "<group>";
		};
		ACAA0A2F177770D000C6CFE9 = {
			isa = PBXGroup;
			children = (
				3471451417A610A300B6CA2A /* CrashReporter.h */,
				26430D4D17A5409A00524631 /* Default-568h@2x.png */,
				26430D4B17A5408F00524631 /* Default@2x.png */,
				26430D4917A5408700524631 /* Default.png */,
				26430D4717A53FDB00524631 /* 114.png */,
				26430D4517A53FD600524631 /* 57.png */,
				30D0230917A6F53A0000A08F /* canadiancancer.png */,
				30D0230A17A6F53A0000A08F /* checkmole.jpg */,
				30D0230B17A6F53B0000A08F /* kid.png */,
				30D0230C17A6F53B0000A08F /* scan cancer fundation 2.png */,
				30D0230D17A6F53B0000A08F /* Screen Shot 2013-07-28 at 11.49.38 PM.png */,
				30D0230E17A6F53B0000A08F /* Screen Shot 2013-07-28 at 11.51.33 PM.png */,
				30D0230F17A6F53C0000A08F /* webmd.png */,
				2681C58017A4A13B008B68F3 /* 20130728084514831_easyicon_net_48.png */,
				1996CF4717A4EA930003B6A6 /* CoreLocation.framework */,
				34CF71B317A343C90051F750 /* Settings.bundle */,
				346AE37717A32129001B5103 /* minizip */,
				346AE38117A32129001B5103 /* ZipArchive.h */,
				346AE38217A32129001B5103 /* ZipArchive.mm */,
				346AE37417A31A32001B5103 /* libz.1.2.5.dylib */,
				ACE00A95178CC789006F33DB /* ImageIO.framework */,
				ACA0C4BC1788D8CE00186C26 /* MessageUI.framework */,
				ACAA0A41177770D000C6CFE9 /* MoleVision */,
				ACAA0A3A177770D000C6CFE9 /* Frameworks */,
				ACAA0A39177770D000C6CFE9 /* Products */,
			);
			sourceTree = "<group>";
		};
		ACAA0A39177770D000C6CFE9 /* Products */ = {
			isa = PBXGroup;
			children = (
				ACAA0A38177770D000C6CFE9 /* MoleVision.app */,
			);
			name = Products;
			sourceTree = "<group>";
		};
		ACAA0A3A177770D000C6CFE9 /* Frameworks */ = {
			isa = PBXGroup;
			children = (
				3471451217A6109000B6CA2A /* CrashReporter.framework */,
				ACAA0A3B177770D000C6CFE9 /* UIKit.framework */,
				ACAA0A3D177770D000C6CFE9 /* Foundation.framework */,
				ACAA0A3F177770D000C6CFE9 /* CoreGraphics.framework */,
			);
			name = Frameworks;
			sourceTree = "<group>";
		};
		ACAA0A41177770D000C6CFE9 /* MoleVision */ = {
			isa = PBXGroup;
			children = (
				ACAA0A701777714900C6CFE9 /* ABCDEAppDelegate.h */,
				ACAA0A711777714900C6CFE9 /* ABCDEAppDelegate.m */,
				30D022F517A65C240000A08F /* LinkViewController.h */,
				30D022F617A65C240000A08F /* LinkViewController.m */,
				ACAA0A721777714900C6CFE9 /* ABCDEViewController.h */,
				ACAA0A731777714900C6CFE9 /* ABCDEViewController.m */,
				1996CF4917A4EAF80003B6A6 /* UVIndexViewController.h */,
				1996CF4A17A4EB090003B6A6 /* UVIndexViewController.m */,
				3492340A178F760D0061FC17 /* AlarmViewController.h */,
				3492340B178F760D0061FC17 /* AlarmViewController.m */,
				ACAA0A621777714000C6CFE9 /* AppDelegate.h */,
				ACAA0A631777714000C6CFE9 /* AppDelegate.m */,
				ACAA0A641777714000C6CFE9 /* ViewController.h */,
				3433FBB91788CFC8000346E6 /* email.h */,
				3433FBBA1788CFC8000346E6 /* email.m */,
				ACAA0A651777714000C6CFE9 /* ViewController.m */,
				AC30333417783E380038EEBA /* FirstViewController.h */,
				AC30333517783E380038EEBA /* FirstViewController.m */,
				AC30333617783E390038EEBA /* SignUpViewController.h */,
				AC30333717783E3A0038EEBA /* SignUpViewController.m */,
				ACAA0A81177771B300C6CFE9 /* Mole.h */,
				ACAA0A82177771B300C6CFE9 /* Mole.m */,
				AC745F6D1778E4ED00A60001 /* MainStoryboard_iPhone.storyboard */,
				2683277717A25FB900A267DB /* Skin Type Images */,
				2683277817A25FF600A267DB /* UI Images */,
				AC30333F177841B40038EEBA /* Storyboard.storyboard */,
				AC3033301777E9990038EEBA /* CameraViewController.h */,
				AC3033311777E9990038EEBA /* CameraViewController.m */,
				ACAA0A661777714000C6CFE9 /* ListTableViewController.h */,
				ACAA0A671777714000C6CFE9 /* ListTableViewController.m */,
				ACAA0A681777714000C6CFE9 /* CustomCell.h */,
				ACAA0A691777714000C6CFE9 /* CustomCell.m */,
				ACAA0A6A1777714000C6CFE9 /* DetailsViewController.h */,
				ACAA0A6B1777714000C6CFE9 /* DetailsViewController.m */,
				ACAA0A6C1777714000C6CFE9 /* CompareViewController.h */,
				ACAA0A6D1777714000C6CFE9 /* CompareViewController.m */,
				ACAA0A6E1777714000C6CFE9 /* EditViewController.h */,
				ACAA0A6F1777714000C6CFE9 /* EditViewController.m */,
				ACAA0A42177770D000C6CFE9 /* Supporting Files */,
			);
			path = MoleVision;
			sourceTree = "<group>";
		};
		ACAA0A42177770D000C6CFE9 /* Supporting Files */ = {
			isa = PBXGroup;
			children = (
				ACAA0A7C1777718C00C6CFE9 /* MelanomaA.jpg */,
				ACAA0A7D1777718C00C6CFE9 /* Melanoma6.jpg */,
				ACAA0A7E1777718C00C6CFE9 /* MelanomaA4.jpg */,
				AC30333817783E680038EEBA /* loginAndProfile-Info.plist */,
				AC30333917783E690038EEBA /* loginAndProfile-Prefix.pch */,
				ACAA0A7F1777718C00C6CFE9 /* ABCDE Tutorial-Info.plist */,
				ACAA0A801777718C00C6CFE9 /* ABCDE Tutorial-Prefix.pch */,
				ACAA0A741777715B00C6CFE9 /* Mole Vision-Info.plist */,
				ACAA0A771777715B00C6CFE9 /* main.m */,
				ACAA0A781777715B00C6CFE9 /* Mole Vision-Prefix.pch */,
				ACAA0A791777715B00C6CFE9 /* Default.png */,
				ACAA0A7A1777715B00C6CFE9 /* Default@2x.png */,
				ACAA0A7B1777715B00C6CFE9 /* Default-568h@2x.png */,
			);
			name = "Supporting Files";
			sourceTree = "<group>";
		};
/* End PBXGroup section */

/* Begin PBXNativeTarget section */
		ACAA0A37177770D000C6CFE9 /* MoleVision */ = {
			isa = PBXNativeTarget;
			buildConfigurationList = ACAA0A5E177770D100C6CFE9 /* Build configuration list for PBXNativeTarget "MoleVision" */;
			buildPhases = (
				ACAA0A34177770D000C6CFE9 /* Sources */,
				ACAA0A35177770D000C6CFE9 /* Frameworks */,
				ACAA0A36177770D000C6CFE9 /* Resources */,
			);
			buildRules = (
			);
			dependencies = (
			);
			name = MoleVision;
			productName = MoleVision;
			productReference = ACAA0A38177770D000C6CFE9 /* MoleVision.app */;
			productType = "com.apple.product-type.application";
		};
/* End PBXNativeTarget section */

/* Begin PBXProject section */
		ACAA0A30177770D000C6CFE9 /* Project object */ = {
			isa = PBXProject;
			attributes = {
				LastUpgradeCheck = 0460;
				ORGANIZATIONNAME = "Team Up";
			};
			buildConfigurationList = ACAA0A33177770D000C6CFE9 /* Build configuration list for PBXProject "MoleVision" */;
			compatibilityVersion = "Xcode 3.2";
			developmentRegion = English;
			hasScannedForEncodings = 0;
			knownRegions = (
				en,
			);
			mainGroup = ACAA0A2F177770D000C6CFE9;
			productRefGroup = ACAA0A39177770D000C6CFE9 /* Products */;
			projectDirPath = "";
			projectRoot = "";
			targets = (
				ACAA0A37177770D000C6CFE9 /* MoleVision */,
			);
		};
/* End PBXProject section */

/* Begin PBXResourcesBuildPhase section */
		ACAA0A36177770D000C6CFE9 /* Resources */ = {
			isa = PBXResourcesBuildPhase;
			buildActionMask = 2147483647;
			files = (
				AC9AB9361791FF850066B72C /* background2.jpg in Resources */,
				AC30333E17783F8F0038EEBA /* loginAndProfile-Info.plist in Resources */,
				ACAA0A97177772A600C6CFE9 /* photo(11).JPG in Resources */,
				ACAA0A98177772A600C6CFE9 /* photo(12)-1.JPG in Resources */,
				ACAA0A9A177772A600C6CFE9 /* MelanomaA.jpg in Resources */,
				ACAA0A9B177772A600C6CFE9 /* Melanoma6.jpg in Resources */,
				ACAA0A9C177772A600C6CFE9 /* MelanomaA4.jpg in Resources */,
				ACAA0A9D177772A600C6CFE9 /* ABCDE Tutorial-Info.plist in Resources */,
				ACAA0A9E177772A600C6CFE9 /* Mole Vision-Info.plist in Resources */,
				ACAA0AA0177772A600C6CFE9 /* Default.png in Resources */,
				ACAA0AA1177772A600C6CFE9 /* Default@2x.png in Resources */,
				AC303340177841B50038EEBA /* Storyboard.storyboard in Resources */,
				AC745F6E1778E4ED00A60001 /* MainStoryboard_iPhone.storyboard in Resources */,
				269D3D011792059D003A108D /* gray.jpeg in Resources */,
				269D3D021792059D003A108D /* images.jpeg in Resources */,
				269D3D051792059D003A108D /* skintype_1.jpg in Resources */,
				269D3D061792059D003A108D /* skintype_2.jpg in Resources */,
				269D3D071792059D003A108D /* skintype_3.jpg in Resources */,
				269D3D081792059D003A108D /* skintype_4.jpg in Resources */,
				269D3D091792059D003A108D /* skintype_5.jpg in Resources */,
				269D3D0A1792059D003A108D /* skintype_6.jpg in Resources */,
				269D3D0B1792059D003A108D /* user.jpeg in Resources */,
				2683274D17A2567C00A267DB /* 11.jpg in Resources */,
				2683274E17A2567C00A267DB /* 22.jpg in Resources */,
				2683276017A2593600A267DB /* 11-clock.png in Resources */,
				2683276117A2593600A267DB /* 16-line-chart.png in Resources */,
				2683276217A2593600A267DB /* 43-film-roll.png in Resources */,
				2683276317A2593600A267DB /* 54-lock.png in Resources */,
				2683276417A2593600A267DB /* 86-camera.png in Resources */,
				2683276517A2593600A267DB /* 111-user.png in Resources */,
				2683276617A2593600A267DB /* 171-sun.png in Resources */,
				2683278117A26B7000A267DB /* back.png in Resources */,
				2683278217A26B7000A267DB /* BackGournd with Name.png in Resources */,
				2683278317A26B7000A267DB /* button normal.png in Resources */,
				2683278417A26B7000A267DB /* button selected.png in Resources */,
				2683278517A26B7000A267DB /* wrong.png in Resources */,
				2683278617A26B7000A267DB /* yes.png in Resources */,
				2683278F17A27AC100A267DB /* FirstBack.png in Resources */,
				2683279017A27AC100A267DB /* NormalBAck.jpg in Resources */,
				2683279117A27AC100A267DB /* SignInBack.png in Resources */,
				2683279217A27AC100A267DB /* SignUpBack.png in Resources */,
				2683279317A27AC100A267DB /* TextFiledBule.png in Resources */,
				2683279417A27AC100A267DB /* TextfiledPurple.png in Resources */,
				2683279717A2813900A267DB /* confirm.png in Resources */,
				2683279817A2813900A267DB /* email.png in Resources */,
				34CF71B417A343C90051F750 /* Settings.bundle in Resources */,
				2681C57617A4970E008B68F3 /* backto.png in Resources */,
				2681C57717A4970E008B68F3 /* skip.png in Resources */,
				2681C57817A4970E008B68F3 /* xxx.png in Resources */,
				2681C57917A4970E008B68F3 /* yyy.png in Resources */,
				2681C57D17A4A0A9008B68F3 /* backk.png in Resources */,
				2681C57E17A4A0A9008B68F3 /* refresh16.png in Resources */,
				2681C57F17A4A0A9008B68F3 /* skipp.png in Resources */,
				2681C58117A4A13B008B68F3 /* 20130728084514831_easyicon_net_48.png in Resources */,
				26430D4617A53FD600524631 /* 57.png in Resources */,
				26430D4817A53FDB00524631 /* 114.png in Resources */,
				26430D4A17A5408700524631 /* Default.png in Resources */,
				26430D4C17A5408F00524631 /* Default@2x.png in Resources */,
				26430D4E17A5409A00524631 /* Default-568h@2x.png in Resources */,
				269C4D0117A6EE880098641C /* 113-navigation.png in Resources */,
				269C4D0217A6EE880098641C /* 164-glasses-2.png in Resources */,
				269C4D0317A6EE880098641C /* 187-pencil.png in Resources */,
				269C4D0717A6F22F0098641C /* 15-tags.png in Resources */,
				269C4D0817A6F22F0098641C /* 18-envelope.png in Resources */,
				269C4D0917A6F22F0098641C /* 193-location-arrow.png in Resources */,
			);
			runOnlyForDeploymentPostprocessing = 0;
		};
/* End PBXResourcesBuildPhase section */

/* Begin PBXSourcesBuildPhase section */
		ACAA0A34177770D000C6CFE9 /* Sources */ = {
			isa = PBXSourcesBuildPhase;
			buildActionMask = 2147483647;
			files = (
				346AE38417A3217B001B5103 /* ioapi.c in Sources */,
				346AE38517A3217B001B5103 /* mztools.c in Sources */,
				346AE38617A3217B001B5103 /* unzip.c in Sources */,
				346AE38717A3217B001B5103 /* zip.c in Sources */,
				346AE38817A3217B001B5103 /* ZipArchive.mm in Sources */,
				AC9834951788D4C600E6004A /* email.m in Sources */,
				AC30333A17783F5F0038EEBA /* FirstViewController.m in Sources */,
				AC30333B17783F5F0038EEBA /* SignUpViewController.m in Sources */,
				ACAA0A941777727800C6CFE9 /* main.m in Sources */,
				ACAA0A8A1777725F00C6CFE9 /* ABCDEAppDelegate.m in Sources */,
				ACAA0A8B1777725F00C6CFE9 /* ABCDEViewController.m in Sources */,
				ACAA0A8C1777725F00C6CFE9 /* AppDelegate.m in Sources */,
				ACAA0A8D1777725F00C6CFE9 /* ViewController.m in Sources */,
				ACAA0A8E1777725F00C6CFE9 /* Mole.m in Sources */,
				ACAA0A8F1777725F00C6CFE9 /* ListTableViewController.m in Sources */,
				ACAA0A901777725F00C6CFE9 /* CustomCell.m in Sources */,
				ACAA0A911777725F00C6CFE9 /* DetailsViewController.m in Sources */,
				ACAA0A921777725F00C6CFE9 /* CompareViewController.m in Sources */,
				ACAA0A931777725F00C6CFE9 /* EditViewController.m in Sources */,
				AC3033321777E99A0038EEBA /* CameraViewController.m in Sources */,
				3492340C178F760D0061FC17 /* AlarmViewController.m in Sources */,
				1996CF4B17A4EB090003B6A6 /* UVIndexViewController.m in Sources */,
				30D022F717A65C240000A08F /* LinkViewController.m in Sources */,
			);
			runOnlyForDeploymentPostprocessing = 0;
		};
/* End PBXSourcesBuildPhase section */

/* Begin XCBuildConfiguration section */
		ACAA0A5C177770D100C6CFE9 /* Debug */ = {
			isa = XCBuildConfiguration;
			buildSettings = {
				ALWAYS_SEARCH_USER_PATHS = NO;
				CLANG_CXX_LANGUAGE_STANDARD = "gnu++0x";
				CLANG_CXX_LIBRARY = "libc++";
				CLANG_ENABLE_OBJC_ARC = YES;
				CLANG_WARN_CONSTANT_CONVERSION = YES;
				CLANG_WARN_EMPTY_BODY = YES;
				CLANG_WARN_ENUM_CONVERSION = YES;
				CLANG_WARN_INT_CONVERSION = YES;
				CLANG_WARN__DUPLICATE_METHOD_MATCH = YES;
				"CODE_SIGN_IDENTITY[sdk=iphoneos*]" = "iPhone Developer";
				COPY_PHASE_STRIP = NO;
				GCC_C_LANGUAGE_STANDARD = gnu99;
				GCC_DYNAMIC_NO_PIC = NO;
				GCC_OPTIMIZATION_LEVEL = 0;
				GCC_PREPROCESSOR_DEFINITIONS = (
					"DEBUG=1",
					"$(inherited)",
				);
				GCC_SYMBOLS_PRIVATE_EXTERN = NO;
				GCC_WARN_ABOUT_RETURN_TYPE = YES;
				GCC_WARN_UNINITIALIZED_AUTOS = YES;
				GCC_WARN_UNUSED_VARIABLE = YES;
				IPHONEOS_DEPLOYMENT_TARGET = 6.1;
				ONLY_ACTIVE_ARCH = YES;
				SDKROOT = iphoneos;
				TARGETED_DEVICE_FAMILY = "1,2";
			};
			name = Debug;
		};
		ACAA0A5D177770D100C6CFE9 /* Release */ = {
			isa = XCBuildConfiguration;
			buildSettings = {
				ALWAYS_SEARCH_USER_PATHS = NO;
				CLANG_CXX_LANGUAGE_STANDARD = "gnu++0x";
				CLANG_CXX_LIBRARY = "libc++";
				CLANG_ENABLE_OBJC_ARC = YES;
				CLANG_WARN_CONSTANT_CONVERSION = YES;
				CLANG_WARN_EMPTY_BODY = YES;
				CLANG_WARN_ENUM_CONVERSION = YES;
				CLANG_WARN_INT_CONVERSION = YES;
				CLANG_WARN__DUPLICATE_METHOD_MATCH = YES;
				"CODE_SIGN_IDENTITY[sdk=iphoneos*]" = "iPhone Developer";
				COPY_PHASE_STRIP = YES;
				GCC_C_LANGUAGE_STANDARD = gnu99;
				GCC_WARN_ABOUT_RETURN_TYPE = YES;
				GCC_WARN_UNINITIALIZED_AUTOS = YES;
				GCC_WARN_UNUSED_VARIABLE = YES;
				IPHONEOS_DEPLOYMENT_TARGET = 6.1;
				OTHER_CFLAGS = "-DNS_BLOCK_ASSERTIONS=1";
				SDKROOT = iphoneos;
				TARGETED_DEVICE_FAMILY = "1,2";
				VALIDATE_PRODUCT = YES;
			};
			name = Release;
		};
		ACAA0A5F177770D100C6CFE9 /* Debug */ = {
			isa = XCBuildConfiguration;
			buildSettings = {
				FRAMEWORK_SEARCH_PATHS = (
					"$(inherited)",
					"\"$(SRCROOT)\"",
				);
				GCC_PRECOMPILE_PREFIX_HEADER = YES;
				GCC_PREFIX_HEADER = "MoleVision/MoleVision-Prefix.pch";
				INFOPLIST_FILE = "MoleVision/MoleVision-Info.plist";
				PRODUCT_NAME = "$(TARGET_NAME)";
				WRAPPER_EXTENSION = app;
			};
			name = Debug;
		};
		ACAA0A60177770D100C6CFE9 /* Release */ = {
			isa = XCBuildConfiguration;
			buildSettings = {
				FRAMEWORK_SEARCH_PATHS = (
					"$(inherited)",
					"\"$(SRCROOT)\"",
				);
				GCC_PRECOMPILE_PREFIX_HEADER = YES;
				GCC_PREFIX_HEADER = "MoleVision/MoleVision-Prefix.pch";
				INFOPLIST_FILE = "MoleVision/MoleVision-Info.plist";
				PRODUCT_NAME = "$(TARGET_NAME)";
				WRAPPER_EXTENSION = app;
			};
			name = Release;
		};
/* End XCBuildConfiguration section */

/* Begin XCConfigurationList section */
		ACAA0A33177770D000C6CFE9 /* Build configuration list for PBXProject "MoleVision" */ = {
			isa = XCConfigurationList;
			buildConfigurations = (
				ACAA0A5C177770D100C6CFE9 /* Debug */,
				ACAA0A5D177770D100C6CFE9 /* Release */,
			);
			defaultConfigurationIsVisible = 0;
			defaultConfigurationName = Release;
		};
		ACAA0A5E177770D100C6CFE9 /* Build configuration list for PBXNativeTarget "MoleVision" */ = {
			isa = XCConfigurationList;
			buildConfigurations = (
				ACAA0A5F177770D100C6CFE9 /* Debug */,
				ACAA0A60177770D100C6CFE9 /* Release */,
			);
			defaultConfigurationIsVisible = 0;
			defaultConfigurationName = Release;
		};
/* End XCConfigurationList section */
	};
	rootObject = ACAA0A30177770D000C6CFE9 /* Project object */;
}
