// !$*UTF8*$!
{
	archiveVersion = 1;
	classes = {
	};
	objectVersion = 46;
	objects = {

/* Begin PBXBuildFile section */
		ACAA0A3C177770D000C6CFE9 /* UIKit.framework in Frameworks */ = {isa = PBXBuildFile; fileRef = ACAA0A3B177770D000C6CFE9 /* UIKit.framework */; };
		ACAA0A3E177770D000C6CFE9 /* Foundation.framework in Frameworks */ = {isa = PBXBuildFile; fileRef = ACAA0A3D177770D000C6CFE9 /* Foundation.framework */; };
		ACAA0A40177770D000C6CFE9 /* CoreGraphics.framework in Frameworks */ = {isa = PBXBuildFile; fileRef = ACAA0A3F177770D000C6CFE9 /* CoreGraphics.framework */; };
		ACAA0A46177770D000C6CFE9 /* InfoPlist.strings in Resources */ = {isa = PBXBuildFile; fileRef = ACAA0A44177770D000C6CFE9 /* InfoPlist.strings */; };
		ACAA0A48177770D000C6CFE9 /* main.m in Sources */ = {isa = PBXBuildFile; fileRef = ACAA0A47177770D000C6CFE9 /* main.m */; };
		ACAA0A4C177770D000C6CFE9 /* AppDelegate.m in Sources */ = {isa = PBXBuildFile; fileRef = ACAA0A4B177770D000C6CFE9 /* AppDelegate.m */; };
		ACAA0A4E177770D000C6CFE9 /* Default.png in Resources */ = {isa = PBXBuildFile; fileRef = ACAA0A4D177770D000C6CFE9 /* Default.png */; };
		ACAA0A50177770D100C6CFE9 /* Default@2x.png in Resources */ = {isa = PBXBuildFile; fileRef = ACAA0A4F177770D100C6CFE9 /* Default@2x.png */; };
		ACAA0A52177770D100C6CFE9 /* Default-568h@2x.png in Resources */ = {isa = PBXBuildFile; fileRef = ACAA0A51177770D100C6CFE9 /* Default-568h@2x.png */; };
		ACAA0A55177770D100C6CFE9 /* MainStoryboard_iPhone.storyboard in Resources */ = {isa = PBXBuildFile; fileRef = ACAA0A53177770D100C6CFE9 /* MainStoryboard_iPhone.storyboard */; };
		ACAA0A58177770D100C6CFE9 /* MainStoryboard_iPad.storyboard in Resources */ = {isa = PBXBuildFile; fileRef = ACAA0A56177770D100C6CFE9 /* MainStoryboard_iPad.storyboard */; };
		ACAA0A5B177770D100C6CFE9 /* ViewController.m in Sources */ = {isa = PBXBuildFile; fileRef = ACAA0A5A177770D100C6CFE9 /* ViewController.m */; };
/* End PBXBuildFile section */

/* Begin PBXFileReference section */
		ACAA0A38177770D000C6CFE9 /* MoleVision.app */ = {isa = PBXFileReference; explicitFileType = wrapper.application; includeInIndex = 0; path = MoleVision.app; sourceTree = BUILT_PRODUCTS_DIR; };
		ACAA0A3B177770D000C6CFE9 /* UIKit.framework */ = {isa = PBXFileReference; lastKnownFileType = wrapper.framework; name = UIKit.framework; path = System/Library/Frameworks/UIKit.framework; sourceTree = SDKROOT; };
		ACAA0A3D177770D000C6CFE9 /* Foundation.framework */ = {isa = PBXFileReference; lastKnownFileType = wrapper.framework; name = Foundation.framework; path = System/Library/Frameworks/Foundation.framework; sourceTree = SDKROOT; };
		ACAA0A3F177770D000C6CFE9 /* CoreGraphics.framework */ = {isa = PBXFileReference; lastKnownFileType = wrapper.framework; name = CoreGraphics.framework; path = System/Library/Frameworks/CoreGraphics.framework; sourceTree = SDKROOT; };
		ACAA0A43177770D000C6CFE9 /* MoleVision-Info.plist */ = {isa = PBXFileReference; lastKnownFileType = text.plist.xml; path = "MoleVision-Info.plist"; sourceTree = "<group>"; };
		ACAA0A45177770D000C6CFE9 /* en */ = {isa = PBXFileReference; lastKnownFileType = text.plist.strings; name = en; path = en.lproj/InfoPlist.strings; sourceTree = "<group>"; };
		ACAA0A47177770D000C6CFE9 /* main.m */ = {isa = PBXFileReference; lastKnownFileType = sourcecode.c.objc; path = main.m; sourceTree = "<group>"; };
		ACAA0A49177770D000C6CFE9 /* MoleVision-Prefix.pch */ = {isa = PBXFileReference; lastKnownFileType = sourcecode.c.h; path = "MoleVision-Prefix.pch"; sourceTree = "<group>"; };
		ACAA0A4A177770D000C6CFE9 /* AppDelegate.h */ = {isa = PBXFileReference; lastKnownFileType = sourcecode.c.h; path = AppDelegate.h; sourceTree = "<group>"; };
		ACAA0A4B177770D000C6CFE9 /* AppDelegate.m */ = {isa = PBXFileReference; lastKnownFileType = sourcecode.c.objc; path = AppDelegate.m; sourceTree = "<group>"; };
		ACAA0A4D177770D000C6CFE9 /* Default.png */ = {isa = PBXFileReference; lastKnownFileType = image.png; path = Default.png; sourceTree = "<group>"; };
		ACAA0A4F177770D100C6CFE9 /* Default@2x.png */ = {isa = PBXFileReference; lastKnownFileType = image.png; path = "Default@2x.png"; sourceTree = "<group>"; };
		ACAA0A51177770D100C6CFE9 /* Default-568h@2x.png */ = {isa = PBXFileReference; lastKnownFileType = image.png; path = "Default-568h@2x.png"; sourceTree = "<group>"; };
		ACAA0A54177770D100C6CFE9 /* en */ = {isa = PBXFileReference; lastKnownFileType = file.storyboard; name = en; path = en.lproj/MainStoryboard_iPhone.storyboard; sourceTree = "<group>"; };
		ACAA0A57177770D100C6CFE9 /* en */ = {isa = PBXFileReference; lastKnownFileType = file.storyboard; name = en; path = en.lproj/MainStoryboard_iPad.storyboard; sourceTree = "<group>"; };
		ACAA0A59177770D100C6CFE9 /* ViewController.h */ = {isa = PBXFileReference; lastKnownFileType = sourcecode.c.h; path = ViewController.h; sourceTree = "<group>"; };
		ACAA0A5A177770D100C6CFE9 /* ViewController.m */ = {isa = PBXFileReference; lastKnownFileType = sourcecode.c.objc; path = ViewController.m; sourceTree = "<group>"; };
/* End PBXFileReference section */

/* Begin PBXFrameworksBuildPhase section */
		ACAA0A35177770D000C6CFE9 /* Frameworks */ = {
			isa = PBXFrameworksBuildPhase;
			buildActionMask = 2147483647;
			files = (
				ACAA0A3C177770D000C6CFE9 /* UIKit.framework in Frameworks */,
				ACAA0A3E177770D000C6CFE9 /* Foundation.framework in Frameworks */,
				ACAA0A40177770D000C6CFE9 /* CoreGraphics.framework in Frameworks */,
			);
			runOnlyForDeploymentPostprocessing = 0;
		};
/* End PBXFrameworksBuildPhase section */

/* Begin PBXGroup section */
		ACAA0A2F177770D000C6CFE9 = {
			isa = PBXGroup;
			children = (
				ACAA0A41177770D000C6CFE9 /* MoleVision */,
				ACAA0A3A177770D000C6CFE9 /* Frameworks */,
				ACAA0A39177770D000C6CFE9 /* Products */,
			);
			sourceTree = "<group>";
		};
		ACAA0A39177770D000C6CFE9 /* Products */ = {
			isa = PBXGroup;
			children = (
				ACAA0A38177770D000C6CFE9 /* MoleVision.app */,
			);
			name = Products;
			sourceTree = "<group>";
		};
		ACAA0A3A177770D000C6CFE9 /* Frameworks */ = {
			isa = PBXGroup;
			children = (
				ACAA0A3B177770D000C6CFE9 /* UIKit.framework */,
				ACAA0A3D177770D000C6CFE9 /* Foundation.framework */,
				ACAA0A3F177770D000C6CFE9 /* CoreGraphics.framework */,
			);
			name = Frameworks;
			sourceTree = "<group>";
		};
		ACAA0A41177770D000C6CFE9 /* MoleVision */ = {
			isa = PBXGroup;
			children = (
				ACAA0A4A177770D000C6CFE9 /* AppDelegate.h */,
				ACAA0A4B177770D000C6CFE9 /* AppDelegate.m */,
				ACAA0A53177770D100C6CFE9 /* MainStoryboard_iPhone.storyboard */,
				ACAA0A56177770D100C6CFE9 /* MainStoryboard_iPad.storyboard */,
				ACAA0A59177770D100C6CFE9 /* ViewController.h */,
				ACAA0A5A177770D100C6CFE9 /* ViewController.m */,
				ACAA0A42177770D000C6CFE9 /* Supporting Files */,
			);
			path = MoleVision;
			sourceTree = "<group>";
		};
		ACAA0A42177770D000C6CFE9 /* Supporting Files */ = {
			isa = PBXGroup;
			children = (
				ACAA0A43177770D000C6CFE9 /* MoleVision-Info.plist */,
				ACAA0A44177770D000C6CFE9 /* InfoPlist.strings */,
				ACAA0A47177770D000C6CFE9 /* main.m */,
				ACAA0A49177770D000C6CFE9 /* MoleVision-Prefix.pch */,
				ACAA0A4D177770D000C6CFE9 /* Default.png */,
				ACAA0A4F177770D100C6CFE9 /* Default@2x.png */,
				ACAA0A51177770D100C6CFE9 /* Default-568h@2x.png */,
			);
			name = "Supporting Files";
			sourceTree = "<group>";
		};
/* End PBXGroup section */

/* Begin PBXNativeTarget section */
		ACAA0A37177770D000C6CFE9 /* MoleVision */ = {
			isa = PBXNativeTarget;
			buildConfigurationList = ACAA0A5E177770D100C6CFE9 /* Build configuration list for PBXNativeTarget "MoleVision" */;
			buildPhases = (
				ACAA0A34177770D000C6CFE9 /* Sources */,
				ACAA0A35177770D000C6CFE9 /* Frameworks */,
				ACAA0A36177770D000C6CFE9 /* Resources */,
			);
			buildRules = (
			);
			dependencies = (
			);
			name = MoleVision;
			productName = MoleVision;
			productReference = ACAA0A38177770D000C6CFE9 /* MoleVision.app */;
			productType = "com.apple.product-type.application";
		};
/* End PBXNativeTarget section */

/* Begin PBXProject section */
		ACAA0A30177770D000C6CFE9 /* Project object */ = {
			isa = PBXProject;
			attributes = {
				LastUpgradeCheck = 0460;
				ORGANIZATIONNAME = "Team Up";
			};
			buildConfigurationList = ACAA0A33177770D000C6CFE9 /* Build configuration list for PBXProject "MoleVision" */;
			compatibilityVersion = "Xcode 3.2";
			developmentRegion = English;
			hasScannedForEncodings = 0;
			knownRegions = (
				en,
			);
			mainGroup = ACAA0A2F177770D000C6CFE9;
			productRefGroup = ACAA0A39177770D000C6CFE9 /* Products */;
			projectDirPath = "";
			projectRoot = "";
			targets = (
				ACAA0A37177770D000C6CFE9 /* MoleVision */,
			);
		};
/* End PBXProject section */

/* Begin PBXResourcesBuildPhase section */
		ACAA0A36177770D000C6CFE9 /* Resources */ = {
			isa = PBXResourcesBuildPhase;
			buildActionMask = 2147483647;
			files = (
				ACAA0A46177770D000C6CFE9 /* InfoPlist.strings in Resources */,
				ACAA0A4E177770D000C6CFE9 /* Default.png in Resources */,
				ACAA0A50177770D100C6CFE9 /* Default@2x.png in Resources */,
				ACAA0A52177770D100C6CFE9 /* Default-568h@2x.png in Resources */,
				ACAA0A55177770D100C6CFE9 /* MainStoryboard_iPhone.storyboard in Resources */,
				ACAA0A58177770D100C6CFE9 /* MainStoryboard_iPad.storyboard in Resources */,
			);
			runOnlyForDeploymentPostprocessing = 0;
		};
/* End PBXResourcesBuildPhase section */

/* Begin PBXSourcesBuildPhase section */
		ACAA0A34177770D000C6CFE9 /* Sources */ = {
			isa = PBXSourcesBuildPhase;
			buildActionMask = 2147483647;
			files = (
				ACAA0A48177770D000C6CFE9 /* main.m in Sources */,
				ACAA0A4C177770D000C6CFE9 /* AppDelegate.m in Sources */,
				ACAA0A5B177770D100C6CFE9 /* ViewController.m in Sources */,
			);
			runOnlyForDeploymentPostprocessing = 0;
		};
/* End PBXSourcesBuildPhase section */

/* Begin PBXVariantGroup section */
		ACAA0A44177770D000C6CFE9 /* InfoPlist.strings */ = {
			isa = PBXVariantGroup;
			children = (
				ACAA0A45177770D000C6CFE9 /* en */,
			);
			name = InfoPlist.strings;
			sourceTree = "<group>";
		};
		ACAA0A53177770D100C6CFE9 /* MainStoryboard_iPhone.storyboard */ = {
			isa = PBXVariantGroup;
			children = (
				ACAA0A54177770D100C6CFE9 /* en */,
			);
			name = MainStoryboard_iPhone.storyboard;
			sourceTree = "<group>";
		};
		ACAA0A56177770D100C6CFE9 /* MainStoryboard_iPad.storyboard */ = {
			isa = PBXVariantGroup;
			children = (
				ACAA0A57177770D100C6CFE9 /* en */,
			);
			name = MainStoryboard_iPad.storyboard;
			sourceTree = "<group>";
		};
/* End PBXVariantGroup section */

/* Begin XCBuildConfiguration section */
		ACAA0A5C177770D100C6CFE9 /* Debug */ = {
			isa = XCBuildConfiguration;
			buildSettings = {
				ALWAYS_SEARCH_USER_PATHS = NO;
				CLANG_CXX_LANGUAGE_STANDARD = "gnu++0x";
				CLANG_CXX_LIBRARY = "libc++";
				CLANG_ENABLE_OBJC_ARC = YES;
				CLANG_WARN_CONSTANT_CONVERSION = YES;
				CLANG_WARN_EMPTY_BODY = YES;
				CLANG_WARN_ENUM_CONVERSION = YES;
				CLANG_WARN_INT_CONVERSION = YES;
				CLANG_WARN__DUPLICATE_METHOD_MATCH = YES;
				"CODE_SIGN_IDENTITY[sdk=iphoneos*]" = "iPhone Developer";
				COPY_PHASE_STRIP = NO;
				GCC_C_LANGUAGE_STANDARD = gnu99;
				GCC_DYNAMIC_NO_PIC = NO;
				GCC_OPTIMIZATION_LEVEL = 0;
				GCC_PREPROCESSOR_DEFINITIONS = (
					"DEBUG=1",
					"$(inherited)",
				);
				GCC_SYMBOLS_PRIVATE_EXTERN = NO;
				GCC_WARN_ABOUT_RETURN_TYPE = YES;
				GCC_WARN_UNINITIALIZED_AUTOS = YES;
				GCC_WARN_UNUSED_VARIABLE = YES;
				IPHONEOS_DEPLOYMENT_TARGET = 6.1;
				ONLY_ACTIVE_ARCH = YES;
				SDKROOT = iphoneos;
				TARGETED_DEVICE_FAMILY = "1,2";
			};
			name = Debug;
		};
		ACAA0A5D177770D100C6CFE9 /* Release */ = {
			isa = XCBuildConfiguration;
			buildSettings = {
				ALWAYS_SEARCH_USER_PATHS = NO;
				CLANG_CXX_LANGUAGE_STANDARD = "gnu++0x";
				CLANG_CXX_LIBRARY = "libc++";
				CLANG_ENABLE_OBJC_ARC = YES;
				CLANG_WARN_CONSTANT_CONVERSION = YES;
				CLANG_WARN_EMPTY_BODY = YES;
				CLANG_WARN_ENUM_CONVERSION = YES;
				CLANG_WARN_INT_CONVERSION = YES;
				CLANG_WARN__DUPLICATE_METHOD_MATCH = YES;
				"CODE_SIGN_IDENTITY[sdk=iphoneos*]" = "iPhone Developer";
				COPY_PHASE_STRIP = YES;
				GCC_C_LANGUAGE_STANDARD = gnu99;
				GCC_WARN_ABOUT_RETURN_TYPE = YES;
				GCC_WARN_UNINITIALIZED_AUTOS = YES;
				GCC_WARN_UNUSED_VARIABLE = YES;
				IPHONEOS_DEPLOYMENT_TARGET = 6.1;
				OTHER_CFLAGS = "-DNS_BLOCK_ASSERTIONS=1";
				SDKROOT = iphoneos;
				TARGETED_DEVICE_FAMILY = "1,2";
				VALIDATE_PRODUCT = YES;
			};
			name = Release;
		};
		ACAA0A5F177770D100C6CFE9 /* Debug */ = {
			isa = XCBuildConfiguration;
			buildSettings = {
				GCC_PRECOMPILE_PREFIX_HEADER = YES;
				GCC_PREFIX_HEADER = "MoleVision/MoleVision-Prefix.pch";
				INFOPLIST_FILE = "MoleVision/MoleVision-Info.plist";
				PRODUCT_NAME = "$(TARGET_NAME)";
				WRAPPER_EXTENSION = app;
			};
			name = Debug;
		};
		ACAA0A60177770D100C6CFE9 /* Release */ = {
			isa = XCBuildConfiguration;
			buildSettings = {
				GCC_PRECOMPILE_PREFIX_HEADER = YES;
				GCC_PREFIX_HEADER = "MoleVision/MoleVision-Prefix.pch";
				INFOPLIST_FILE = "MoleVision/MoleVision-Info.plist";
				PRODUCT_NAME = "$(TARGET_NAME)";
				WRAPPER_EXTENSION = app;
			};
			name = Release;
		};
/* End XCBuildConfiguration section */

/* Begin XCConfigurationList section */
		ACAA0A33177770D000C6CFE9 /* Build configuration list for PBXProject "MoleVision" */ = {
			isa = XCConfigurationList;
			buildConfigurations = (
				ACAA0A5C177770D100C6CFE9 /* Debug */,
				ACAA0A5D177770D100C6CFE9 /* Release */,
			);
			defaultConfigurationIsVisible = 0;
			defaultConfigurationName = Release;
		};
		ACAA0A5E177770D100C6CFE9 /* Build configuration list for PBXNativeTarget "MoleVision" */ = {
			isa = XCConfigurationList;
			buildConfigurations = (
				ACAA0A5F177770D100C6CFE9 /* Debug */,
				ACAA0A60177770D100C6CFE9 /* Release */,
			);
			defaultConfigurationIsVisible = 0;
		};
/* End XCConfigurationList section */
	};
	rootObject = ACAA0A30177770D000C6CFE9 /* Project object */;
}
